<Solution>
  <Folder Name="/src/">
    <Project Path="src/NebuCtx.Contracts/NebuCtx.Contracts.csproj" />
    <Project Path="src/NebuCtx.Server.Core/NebuCtx.Server.Core.csproj" />
    <Project Path="src/NebuCtx.Server.Host/NebuCtx.Server.Host.csproj" />
    <Project Path="src/NebuCtx.Storage/NebuCtx.Storage.csproj" />
    <Project Path="src/NebuCtx.Tools/NebuCtx.Tools.csproj" />
  </Folder>
  <Folder Name="/tests/">
    <Project Path="tests/NebuCtx.ContractTests/NebuCtx.ContractTests.csproj" />
    <Project Path="tests/NebuCtx.IntegrationTests/NebuCtx.IntegrationTests.csproj" />
    <Project Path="tests/NebuCtx.ProjectIdentityTests/NebuCtx.ProjectIdentityTests.csproj" />
  </Folder>
</Solution>
